// !$*UTF8*$!
{
	archiveVersion = 1;
	classes = {
	};
	objectVersion = 46;
	objects = {

/* Begin PBXBuildFile section */
		BC55F9301C24D2E2001C76F5 /* RWMenu.c in Sources */ = {isa = PBXBuildFile; fileRef = BC55F92E1C24D2E2001C76F5 /* RWMenu.c */; };
		BC55F9331C24D4EB001C76F5 /* RWAnalize.c in Sources */ = {isa = PBXBuildFile; fileRef = BC55F9311C24D4EB001C76F5 /* RWAnalize.c */; };
		BCC562261C23AADD00105089 /* main.c in Sources */ = {isa = PBXBuildFile; fileRef = BCC562251C23AADD00105089 /* main.c */; };
		BCC5622E1C23AD5700105089 /* RWStack.c in Sources */ = {isa = PBXBuildFile; fileRef = BCC5622C1C23AD5700105089 /* RWStack.c */; };
		BCC562311C23B0DD00105089 /* RWLine.c in Sources */ = {isa = PBXBuildFile; fileRef = BCC5622F1C23B0DD00105089 /* RWLine.c */; };
		BCC562341C23B13400105089 /* RWFunction.c in Sources */ = {isa = PBXBuildFile; fileRef = BCC562321C23B13400105089 /* RWFunction.c */; };
/* End PBXBuildFile section */

/* Begin PBXCopyFilesBuildPhase section */
		BCC562201C23AADD00105089 /* CopyFiles */ = {
			isa = PBXCopyFilesBuildPhase;
			buildActionMask = 2147483647;
			dstPath = /usr/share/man/man1/;
			dstSubfolderSpec = 0;
			files = (
			);
			runOnlyForDeploymentPostprocessing = 1;
		};
/* End PBXCopyFilesBuildPhase section */

/* Begin PBXFileReference section */
		BC55F92E1C24D2E2001C76F5 /* RWMenu.c */ = {isa = PBXFileReference; fileEncoding = 4; lastKnownFileType = sourcecode.c.c; path = RWMenu.c; sourceTree = "<group>"; };
		BC55F92F1C24D2E2001C76F5 /* RWMenu.h */ = {isa = PBXFileReference; fileEncoding = 4; lastKnownFileType = sourcecode.c.h; path = RWMenu.h; sourceTree = "<group>"; };
		BC55F9311C24D4EB001C76F5 /* RWAnalize.c */ = {isa = PBXFileReference; fileEncoding = 4; lastKnownFileType = sourcecode.c.c; path = RWAnalize.c; sourceTree = "<group>"; };
		BC55F9321C24D4EB001C76F5 /* RWAnalize.h */ = {isa = PBXFileReference; fileEncoding = 4; lastKnownFileType = sourcecode.c.h; path = RWAnalize.h; sourceTree = "<group>"; };
		BCC562221C23AADD00105089 /* CodeAnalizer */ = {isa = PBXFileReference; explicitFileType = "compiled.mach-o.executable"; includeInIndex = 0; path = CodeAnalizer; sourceTree = BUILT_PRODUCTS_DIR; };
		BCC562251C23AADD00105089 /* main.c */ = {isa = PBXFileReference; lastKnownFileType = sourcecode.c.c; path = main.c; sourceTree = "<group>"; };
		BCC5622C1C23AD5700105089 /* RWStack.c */ = {isa = PBXFileReference; fileEncoding = 4; lastKnownFileType = sourcecode.c.c; path = RWStack.c; sourceTree = "<group>"; };
		BCC5622D1C23AD5700105089 /* RWStack.h */ = {isa = PBXFileReference; fileEncoding = 4; lastKnownFileType = sourcecode.c.h; path = RWStack.h; sourceTree = "<group>"; };
		BCC5622F1C23B0DD00105089 /* RWLine.c */ = {isa = PBXFileReference; fileEncoding = 4; lastKnownFileType = sourcecode.c.c; path = RWLine.c; sourceTree = "<group>"; };
		BCC562301C23B0DD00105089 /* RWLine.h */ = {isa = PBXFileReference; fileEncoding = 4; lastKnownFileType = sourcecode.c.h; path = RWLine.h; sourceTree = "<group>"; };
		BCC562321C23B13400105089 /* RWFunction.c */ = {isa = PBXFileReference; fileEncoding = 4; lastKnownFileType = sourcecode.c.c; path = RWFunction.c; sourceTree = "<group>"; };
		BCC562331C23B13400105089 /* RWFunction.h */ = {isa = PBXFileReference; fileEncoding = 4; lastKnownFileType = sourcecode.c.h; path = RWFunction.h; sourceTree = "<group>"; };
/* End PBXFileReference section */

/* Begin PBXFrameworksBuildPhase section */
		BCC5621F1C23AADD00105089 /* Frameworks */ = {
			isa = PBXFrameworksBuildPhase;
			buildActionMask = 2147483647;
			files = (
			);
			runOnlyForDeploymentPostprocessing = 0;
		};
/* End PBXFrameworksBuildPhase section */

/* Begin PBXGroup section */
		BCC562191C23AADD00105089 = {
			isa = PBXGroup;
			children = (
				BCC562241C23AADD00105089 /* CodeAnalizer */,
				BCC562231C23AADD00105089 /* Products */,
			);
			sourceTree = "<group>";
		};
		BCC562231C23AADD00105089 /* Products */ = {
			isa = PBXGroup;
			children = (
				BCC562221C23AADD00105089 /* CodeAnalizer */,
			);
			name = Products;
			sourceTree = "<group>";
		};
		BCC562241C23AADD00105089 /* CodeAnalizer */ = {
			isa = PBXGroup;
			children = (
				BCC562251C23AADD00105089 /* main.c */,
				BC55F92F1C24D2E2001C76F5 /* RWMenu.h */,
				BC55F92E1C24D2E2001C76F5 /* RWMenu.c */,
				BC55F9321C24D4EB001C76F5 /* RWAnalize.h */,
				BC55F9311C24D4EB001C76F5 /* RWAnalize.c */,
				BCC562301C23B0DD00105089 /* RWLine.h */,
				BCC5622F1C23B0DD00105089 /* RWLine.c */,
				BCC562331C23B13400105089 /* RWFunction.h */,
				BCC562321C23B13400105089 /* RWFunction.c */,
				BCC5622D1C23AD5700105089 /* RWStack.h */,
				BCC5622C1C23AD5700105089 /* RWStack.c */,
			);
			path = CodeAnalizer;
			sourceTree = "<group>";
		};
/* End PBXGroup section */

/* Begin PBXNativeTarget section */
		BCC562211C23AADD00105089 /* CodeAnalizer */ = {
			isa = PBXNativeTarget;
			buildConfigurationList = BCC562291C23AADD00105089 /* Build configuration list for PBXNativeTarget "CodeAnalizer" */;
			buildPhases = (
				BCC5621E1C23AADD00105089 /* Sources */,
				BCC5621F1C23AADD00105089 /* Frameworks */,
				BCC562201C23AADD00105089 /* CopyFiles */,
			);
			buildRules = (
			);
			dependencies = (
			);
			name = CodeAnalizer;
			productName = CodeAnalizer;
			productReference = BCC562221C23AADD00105089 /* CodeAnalizer */;
			productType = "com.apple.product-type.tool";
		};
/* End PBXNativeTarget section */

/* Begin PBXProject section */
		BCC5621A1C23AADD00105089 /* Project object */ = {
			isa = PBXProject;
			attributes = {
				LastUpgradeCheck = 0630;
				ORGANIZATIONNAME = qianfeng;
				TargetAttributes = {
					BCC562211C23AADD00105089 = {
						CreatedOnToolsVersion = 6.3;
					};
				};
			};
			buildConfigurationList = BCC5621D1C23AADD00105089 /* Build configuration list for PBXProject "CodeAnalizer" */;
			compatibilityVersion = "Xcode 3.2";
			developmentRegion = English;
			hasScannedForEncodings = 0;
			knownRegions = (
				en,
			);
			mainGroup = BCC562191C23AADD00105089;
			productRefGroup = BCC562231C23AADD00105089 /* Products */;
			projectDirPath = "";
			projectRoot = "";
			targets = (
				BCC562211C23AADD00105089 /* CodeAnalizer */,
			);
		};
/* End PBXProject section */

/* Begin PBXSourcesBuildPhase section */
		BCC5621E1C23AADD00105089 /* Sources */ = {
			isa = PBXSourcesBuildPhase;
			buildActionMask = 2147483647;
			files = (
				BCC562341C23B13400105089 /* RWFunction.c in Sources */,
				BCC562311C23B0DD00105089 /* RWLine.c in Sources */,
				BC55F9301C24D2E2001C76F5 /* RWMenu.c in Sources */,
				BCC562261C23AADD00105089 /* main.c in Sources */,
				BCC5622E1C23AD5700105089 /* RWStack.c in Sources */,
				BC55F9331C24D4EB001C76F5 /* RWAnalize.c in Sources */,
			);
			runOnlyForDeploymentPostprocessing = 0;
		};
/* End PBXSourcesBuildPhase section */

/* Begin XCBuildConfiguration section */
		BCC562271C23AADD00105089 /* Debug */ = {
			isa = XCBuildConfiguration;
			buildSettings = {
				ALWAYS_SEARCH_USER_PATHS = NO;
				CLANG_CXX_LANGUAGE_STANDARD = "gnu++0x";
				CLANG_CXX_LIBRARY = "libc++";
				CLANG_ENABLE_MODULES = YES;
				CLANG_ENABLE_OBJC_ARC = YES;
				CLANG_WARN_BOOL_CONVERSION = YES;
				CLANG_WARN_CONSTANT_CONVERSION = YES;
				CLANG_WARN_DIRECT_OBJC_ISA_USAGE = YES_ERROR;
				CLANG_WARN_EMPTY_BODY = YES;
				CLANG_WARN_ENUM_CONVERSION = YES;
				CLANG_WARN_INT_CONVERSION = YES;
				CLANG_WARN_OBJC_ROOT_CLASS = YES_ERROR;
				CLANG_WARN_UNREACHABLE_CODE = YES;
				CLANG_WARN__DUPLICATE_METHOD_MATCH = YES;
				COPY_PHASE_STRIP = NO;
				DEBUG_INFORMATION_FORMAT = dwarf;
				ENABLE_STRICT_OBJC_MSGSEND = YES;
				GCC_C_LANGUAGE_STANDARD = gnu99;
				GCC_DYNAMIC_NO_PIC = NO;
				GCC_NO_COMMON_BLOCKS = YES;
				GCC_OPTIMIZATION_LEVEL = 0;
				GCC_PREPROCESSOR_DEFINITIONS = (
					"DEBUG=1",
					"$(inherited)",
				);
				GCC_SYMBOLS_PRIVATE_EXTERN = NO;
				GCC_WARN_64_TO_32_BIT_CONVERSION = YES;
				GCC_WARN_ABOUT_RETURN_TYPE = YES_ERROR;
				GCC_WARN_UNDECLARED_SELECTOR = YES;
				GCC_WARN_UNINITIALIZED_AUTOS = YES_AGGRESSIVE;
				GCC_WARN_UNUSED_FUNCTION = YES;
				GCC_WARN_UNUSED_VARIABLE = YES;
				MACOSX_DEPLOYMENT_TARGET = 10.10;
				MTL_ENABLE_DEBUG_INFO = YES;
				ONLY_ACTIVE_ARCH = YES;
				SDKROOT = macosx;
			};
			name = Debug;
		};
		BCC562281C23AADD00105089 /* Release */ = {
			isa = XCBuildConfiguration;
			buildSettings = {
				ALWAYS_SEARCH_USER_PATHS = NO;
				CLANG_CXX_LANGUAGE_STANDARD = "gnu++0x";
				CLANG_CXX_LIBRARY = "libc++";
				CLANG_ENABLE_MODULES = YES;
				CLANG_ENABLE_OBJC_ARC = YES;
				CLANG_WARN_BOOL_CONVERSION = YES;
				CLANG_WARN_CONSTANT_CONVERSION = YES;
				CLANG_WARN_DIRECT_OBJC_ISA_USAGE = YES_ERROR;
				CLANG_WARN_EMPTY_BODY = YES;
				CLANG_WARN_ENUM_CONVERSION = YES;
				CLANG_WARN_INT_CONVERSION = YES;
				CLANG_WARN_OBJC_ROOT_CLASS = YES_ERROR;
				CLANG_WARN_UNREACHABLE_CODE = YES;
				CLANG_WARN__DUPLICATE_METHOD_MATCH = YES;
				COPY_PHASE_STRIP = NO;
				DEBUG_INFORMATION_FORMAT = "dwarf-with-dsym";
				ENABLE_NS_ASSERTIONS = NO;
				ENABLE_STRICT_OBJC_MSGSEND = YES;
				GCC_C_LANGUAGE_STANDARD = gnu99;
				GCC_NO_COMMON_BLOCKS = YES;
				GCC_WARN_64_TO_32_BIT_CONVERSION = YES;
				GCC_WARN_ABOUT_RETURN_TYPE = YES_ERROR;
				GCC_WARN_UNDECLARED_SELECTOR = YES;
				GCC_WARN_UNINITIALIZED_AUTOS = YES_AGGRESSIVE;
				GCC_WARN_UNUSED_FUNCTION = YES;
				GCC_WARN_UNUSED_VARIABLE = YES;
				MACOSX_DEPLOYMENT_TARGET = 10.10;
				MTL_ENABLE_DEBUG_INFO = NO;
				SDKROOT = macosx;
			};
			name = Release;
		};
		BCC5622A1C23AADD00105089 /* Debug */ = {
			isa = XCBuildConfiguration;
			buildSettings = {
				PRODUCT_NAME = "$(TARGET_NAME)";
			};
			name = Debug;
		};
		BCC5622B1C23AADD00105089 /* Release */ = {
			isa = XCBuildConfiguration;
			buildSettings = {
				PRODUCT_NAME = "$(TARGET_NAME)";
			};
			name = Release;
		};
/* End XCBuildConfiguration section */

/* Begin XCConfigurationList section */
		BCC5621D1C23AADD00105089 /* Build configuration list for PBXProject "CodeAnalizer" */ = {
			isa = XCConfigurationList;
			buildConfigurations = (
				BCC562271C23AADD00105089 /* Debug */,
				BCC562281C23AADD00105089 /* Release */,
			);
			defaultConfigurationIsVisible = 0;
			defaultConfigurationName = Release;
		};
		BCC562291C23AADD00105089 /* Build configuration list for PBXNativeTarget "CodeAnalizer" */ = {
			isa = XCConfigurationList;
			buildConfigurations = (
				BCC5622A1C23AADD00105089 /* Debug */,
				BCC5622B1C23AADD00105089 /* Release */,
			);
			defaultConfigurationIsVisible = 0;
			defaultConfigurationName = Release;
		};
/* End XCConfigurationList section */
	};
	rootObject = BCC5621A1C23AADD00105089 /* Project object */;
}
